
Microsoft Visual Studio Solution File, Format Version 12.00
# Visual Studio Version 16
VisualStudioVersion = 16.0.29519.87
MinimumVisualStudioVersion = 10.0.40219.1
Project("{FAE04EC0-301F-11D3-BF4B-00C04F79EFBC}") = "BrainHatClient", "BrainHatClient\BrainHatClient.csproj", "{6D26485D-D8D5-4924-9406-833BE1AB2BE1}"
	ProjectSection(ProjectDependencies) = postProject
		{74308A8C-80D9-47CE-B22E-620E6F562229} = {74308A8C-80D9-47CE-B22E-620E6F562229}
	EndProjectSection
EndProject
Project("{FAE04EC0-301F-11D3-BF4B-00C04F79EFBC}") = "BrainflowInterfacesTests", "..\BrainHatComponents\BrainflowInterfacesTests\BrainflowInterfacesTests.csproj", "{9CCF27E8-68C9-4975-BEBB-DDEEA31FE898}"
EndProject
Project("{FAE04EC0-301F-11D3-BF4B-00C04F79EFBC}") = "BrainflowDataProcessingTests", "..\BrainHatComponents\BrainflowDataProcessingTests\BrainflowDataProcessingTests.csproj", "{B7DDAAFB-984B-41BA-BC8B-CD2FD7E88A4D}"
EndProject
Project("{FAE04EC0-301F-11D3-BF4B-00C04F79EFBC}") = "BrainflowDataProcessing", "..\BrainHatComponents\BrainflowDataProcessing\BrainflowDataProcessing.csproj", "{06ABDABA-C8AE-4DB5-9B0D-BDD2F6FFFE6B}"
	ProjectSection(ProjectDependencies) = postProject
		{19D4357F-B416-40D3-99CD-2FCAF56529F6} = {19D4357F-B416-40D3-99CD-2FCAF56529F6}
		{74308A8C-80D9-47CE-B22E-620E6F562229} = {74308A8C-80D9-47CE-B22E-620E6F562229}
		{EAE81BBA-A0C2-4E59-85F6-270E3F6FB6FA} = {EAE81BBA-A0C2-4E59-85F6-270E3F6FB6FA}
	EndProjectSection
EndProject
Project("{FAE04EC0-301F-11D3-BF4B-00C04F79EFBC}") = "BrainflowInterfaces", "..\BrainHatComponents\BrainflowInterfaces\BrainflowInterfaces.csproj", "{74308A8C-80D9-47CE-B22E-620E6F562229}"
EndProject
Project("{FAE04EC0-301F-11D3-BF4B-00C04F79EFBC}") = "BrainHatNetwork", "..\BrainHatComponents\BrainHatNetwork\BrainHatNetwork.csproj", "{F8824343-EC45-4476-BA97-0010BDDEF9F1}"
	ProjectSection(ProjectDependencies) = postProject
		{19D4357F-B416-40D3-99CD-2FCAF56529F6} = {19D4357F-B416-40D3-99CD-2FCAF56529F6}
		{74308A8C-80D9-47CE-B22E-620E6F562229} = {74308A8C-80D9-47CE-B22E-620E6F562229}
		{EAE81BBA-A0C2-4E59-85F6-270E3F6FB6FA} = {EAE81BBA-A0C2-4E59-85F6-270E3F6FB6FA}
	EndProjectSection
EndProject
Project("{FAE04EC0-301F-11D3-BF4B-00C04F79EFBC}") = "LoggingInterfaces", "..\BrainHatComponents\LoggingInterfaces\LoggingInterfaces.csproj", "{EAE81BBA-A0C2-4E59-85F6-270E3F6FB6FA}"
EndProject
Project("{FAE04EC0-301F-11D3-BF4B-00C04F79EFBC}") = "brainflow", "..\BrainHatComponents\brainflow\csharp-package\brainflow\brainflow\brainflow.csproj", "{19D4357F-B416-40D3-99CD-2FCAF56529F6}"
EndProject
Project("{FAE04EC0-301F-11D3-BF4B-00C04F79EFBC}") = "liblsl", "..\BrainHatComponents\liblsl-Csharp\liblsl.csproj", "{82BEF4B5-5F28-499B-B3D5-CC802C8519A2}"
EndProject
Global
	GlobalSection(SolutionConfigurationPlatforms) = preSolution
		Debug|Any CPU = Debug|Any CPU
		Debug|x64 = Debug|x64
		Debug|x86 = Debug|x86
		Release|Any CPU = Release|Any CPU
		Release|x64 = Release|x64
		Release|x86 = Release|x86
	EndGlobalSection
	GlobalSection(ProjectConfigurationPlatforms) = postSolution
		{6D26485D-D8D5-4924-9406-833BE1AB2BE1}.Debug|Any CPU.ActiveCfg = Debug|Any CPU
		{6D26485D-D8D5-4924-9406-833BE1AB2BE1}.Debug|Any CPU.Build.0 = Debug|Any CPU
		{6D26485D-D8D5-4924-9406-833BE1AB2BE1}.Debug|x64.ActiveCfg = Debug|Any CPU
		{6D26485D-D8D5-4924-9406-833BE1AB2BE1}.Debug|x64.Build.0 = Debug|Any CPU
		{6D26485D-D8D5-4924-9406-833BE1AB2BE1}.Debug|x86.ActiveCfg = Debug|Any CPU
		{6D26485D-D8D5-4924-9406-833BE1AB2BE1}.Debug|x86.Build.0 = Debug|Any CPU
		{6D26485D-D8D5-4924-9406-833BE1AB2BE1}.Release|Any CPU.ActiveCfg = Release|Any CPU
		{6D26485D-D8D5-4924-9406-833BE1AB2BE1}.Release|Any CPU.Build.0 = Release|Any CPU
		{6D26485D-D8D5-4924-9406-833BE1AB2BE1}.Release|x64.ActiveCfg = Release|x64
		{6D26485D-D8D5-4924-9406-833BE1AB2BE1}.Release|x64.Build.0 = Release|x64
		{6D26485D-D8D5-4924-9406-833BE1AB2BE1}.Release|x86.ActiveCfg = Release|x86
		{6D26485D-D8D5-4924-9406-833BE1AB2BE1}.Release|x86.Build.0 = Release|x86
		{9CCF27E8-68C9-4975-BEBB-DDEEA31FE898}.Debug|Any CPU.ActiveCfg = Debug|Any CPU
		{9CCF27E8-68C9-4975-BEBB-DDEEA31FE898}.Debug|Any CPU.Build.0 = Debug|Any CPU
		{9CCF27E8-68C9-4975-BEBB-DDEEA31FE898}.Debug|x64.ActiveCfg = Debug|Any CPU
		{9CCF27E8-68C9-4975-BEBB-DDEEA31FE898}.Debug|x64.Build.0 = Debug|Any CPU
		{9CCF27E8-68C9-4975-BEBB-DDEEA31FE898}.Debug|x86.ActiveCfg = Debug|Any CPU
		{9CCF27E8-68C9-4975-BEBB-DDEEA31FE898}.Debug|x86.Build.0 = Debug|Any CPU
		{9CCF27E8-68C9-4975-BEBB-DDEEA31FE898}.Release|Any CPU.ActiveCfg = Release|Any CPU
		{9CCF27E8-68C9-4975-BEBB-DDEEA31FE898}.Release|Any CPU.Build.0 = Release|Any CPU
		{9CCF27E8-68C9-4975-BEBB-DDEEA31FE898}.Release|x64.ActiveCfg = Release|Any CPU
		{9CCF27E8-68C9-4975-BEBB-DDEEA31FE898}.Release|x64.Build.0 = Release|Any CPU
		{9CCF27E8-68C9-4975-BEBB-DDEEA31FE898}.Release|x86.ActiveCfg = Release|Any CPU
		{9CCF27E8-68C9-4975-BEBB-DDEEA31FE898}.Release|x86.Build.0 = Release|Any CPU
		{B7DDAAFB-984B-41BA-BC8B-CD2FD7E88A4D}.Debug|Any CPU.ActiveCfg = Debug|Any CPU
		{B7DDAAFB-984B-41BA-BC8B-CD2FD7E88A4D}.Debug|Any CPU.Build.0 = Debug|Any CPU
		{B7DDAAFB-984B-41BA-BC8B-CD2FD7E88A4D}.Debug|x64.ActiveCfg = Debug|Any CPU
		{B7DDAAFB-984B-41BA-BC8B-CD2FD7E88A4D}.Debug|x64.Build.0 = Debug|Any CPU
		{B7DDAAFB-984B-41BA-BC8B-CD2FD7E88A4D}.Debug|x86.ActiveCfg = Debug|Any CPU
		{B7DDAAFB-984B-41BA-BC8B-CD2FD7E88A4D}.Debug|x86.Build.0 = Debug|Any CPU
		{B7DDAAFB-984B-41BA-BC8B-CD2FD7E88A4D}.Release|Any CPU.ActiveCfg = Release|Any CPU
		{B7DDAAFB-984B-41BA-BC8B-CD2FD7E88A4D}.Release|Any CPU.Build.0 = Release|Any CPU
		{B7DDAAFB-984B-41BA-BC8B-CD2FD7E88A4D}.Release|x64.ActiveCfg = Release|Any CPU
		{B7DDAAFB-984B-41BA-BC8B-CD2FD7E88A4D}.Release|x64.Build.0 = Release|Any CPU
		{B7DDAAFB-984B-41BA-BC8B-CD2FD7E88A4D}.Release|x86.ActiveCfg = Release|Any CPU
		{B7DDAAFB-984B-41BA-BC8B-CD2FD7E88A4D}.Release|x86.Build.0 = Release|Any CPU
		{06ABDABA-C8AE-4DB5-9B0D-BDD2F6FFFE6B}.Debug|Any CPU.ActiveCfg = Debug|Any CPU
		{06ABDABA-C8AE-4DB5-9B0D-BDD2F6FFFE6B}.Debug|Any CPU.Build.0 = Debug|Any CPU
		{06ABDABA-C8AE-4DB5-9B0D-BDD2F6FFFE6B}.Debug|x64.ActiveCfg = Debug|Any CPU
		{06ABDABA-C8AE-4DB5-9B0D-BDD2F6FFFE6B}.Debug|x64.Build.0 = Debug|Any CPU
		{06ABDABA-C8AE-4DB5-9B0D-BDD2F6FFFE6B}.Debug|x86.ActiveCfg = Debug|Any CPU
		{06ABDABA-C8AE-4DB5-9B0D-BDD2F6FFFE6B}.Debug|x86.Build.0 = Debug|Any CPU
		{06ABDABA-C8AE-4DB5-9B0D-BDD2F6FFFE6B}.Release|Any CPU.ActiveCfg = Release|Any CPU
		{06ABDABA-C8AE-4DB5-9B0D-BDD2F6FFFE6B}.Release|Any CPU.Build.0 = Release|Any CPU
		{06ABDABA-C8AE-4DB5-9B0D-BDD2F6FFFE6B}.Release|x64.ActiveCfg = Release|Any CPU
		{06ABDABA-C8AE-4DB5-9B0D-BDD2F6FFFE6B}.Release|x64.Build.0 = Release|Any CPU
		{06ABDABA-C8AE-4DB5-9B0D-BDD2F6FFFE6B}.Release|x86.ActiveCfg = Release|Any CPU
		{06ABDABA-C8AE-4DB5-9B0D-BDD2F6FFFE6B}.Release|x86.Build.0 = Release|Any CPU
		{74308A8C-80D9-47CE-B22E-620E6F562229}.Debug|Any CPU.ActiveCfg = Debug|Any CPU
		{74308A8C-80D9-47CE-B22E-620E6F562229}.Debug|Any CPU.Build.0 = Debug|Any CPU
		{74308A8C-80D9-47CE-B22E-620E6F562229}.Debug|x64.ActiveCfg = Debug|Any CPU
		{74308A8C-80D9-47CE-B22E-620E6F562229}.Debug|x64.Build.0 = Debug|Any CPU
		{74308A8C-80D9-47CE-B22E-620E6F562229}.Debug|x86.ActiveCfg = Debug|Any CPU
		{74308A8C-80D9-47CE-B22E-620E6F562229}.Debug|x86.Build.0 = Debug|Any CPU
		{74308A8C-80D9-47CE-B22E-620E6F562229}.Release|Any CPU.ActiveCfg = Release|Any CPU
		{74308A8C-80D9-47CE-B22E-620E6F562229}.Release|Any CPU.Build.0 = Release|Any CPU
		{74308A8C-80D9-47CE-B22E-620E6F562229}.Release|x64.ActiveCfg = Release|Any CPU
		{74308A8C-80D9-47CE-B22E-620E6F562229}.Release|x64.Build.0 = Release|Any CPU
		{74308A8C-80D9-47CE-B22E-620E6F562229}.Release|x86.ActiveCfg = Release|Any CPU
		{74308A8C-80D9-47CE-B22E-620E6F562229}.Release|x86.Build.0 = Release|Any CPU
		{F8824343-EC45-4476-BA97-0010BDDEF9F1}.Debug|Any CPU.ActiveCfg = Debug|Any CPU
		{F8824343-EC45-4476-BA97-0010BDDEF9F1}.Debug|Any CPU.Build.0 = Debug|Any CPU
		{F8824343-EC45-4476-BA97-0010BDDEF9F1}.Debug|x64.ActiveCfg = Debug|Any CPU
		{F8824343-EC45-4476-BA97-0010BDDEF9F1}.Debug|x64.Build.0 = Debug|Any CPU
		{F8824343-EC45-4476-BA97-0010BDDEF9F1}.Debug|x86.ActiveCfg = Debug|Any CPU
		{F8824343-EC45-4476-BA97-0010BDDEF9F1}.Debug|x86.Build.0 = Debug|Any CPU
		{F8824343-EC45-4476-BA97-0010BDDEF9F1}.Release|Any CPU.ActiveCfg = Release|Any CPU
		{F8824343-EC45-4476-BA97-0010BDDEF9F1}.Release|Any CPU.Build.0 = Release|Any CPU
		{F8824343-EC45-4476-BA97-0010BDDEF9F1}.Release|x64.ActiveCfg = Release|Any CPU
		{F8824343-EC45-4476-BA97-0010BDDEF9F1}.Release|x64.Build.0 = Release|Any CPU
		{F8824343-EC45-4476-BA97-0010BDDEF9F1}.Release|x86.ActiveCfg = Release|Any CPU
		{F8824343-EC45-4476-BA97-0010BDDEF9F1}.Release|x86.Build.0 = Release|Any CPU
		{EAE81BBA-A0C2-4E59-85F6-270E3F6FB6FA}.Debug|Any CPU.ActiveCfg = Debug|Any CPU
		{EAE81BBA-A0C2-4E59-85F6-270E3F6FB6FA}.Debug|Any CPU.Build.0 = Debug|Any CPU
		{EAE81BBA-A0C2-4E59-85F6-270E3F6FB6FA}.Debug|x64.ActiveCfg = Debug|Any CPU
		{EAE81BBA-A0C2-4E59-85F6-270E3F6FB6FA}.Debug|x64.Build.0 = Debug|Any CPU
		{EAE81BBA-A0C2-4E59-85F6-270E3F6FB6FA}.Debug|x86.ActiveCfg = Debug|Any CPU
		{EAE81BBA-A0C2-4E59-85F6-270E3F6FB6FA}.Debug|x86.Build.0 = Debug|Any CPU
		{EAE81BBA-A0C2-4E59-85F6-270E3F6FB6FA}.Release|Any CPU.ActiveCfg = Release|Any CPU
		{EAE81BBA-A0C2-4E59-85F6-270E3F6FB6FA}.Release|Any CPU.Build.0 = Release|Any CPU
		{EAE81BBA-A0C2-4E59-85F6-270E3F6FB6FA}.Release|x64.ActiveCfg = Release|Any CPU
		{EAE81BBA-A0C2-4E59-85F6-270E3F6FB6FA}.Release|x64.Build.0 = Release|Any CPU
		{EAE81BBA-A0C2-4E59-85F6-270E3F6FB6FA}.Release|x86.ActiveCfg = Release|Any CPU
		{EAE81BBA-A0C2-4E59-85F6-270E3F6FB6FA}.Release|x86.Build.0 = Release|Any CPU
		{19D4357F-B416-40D3-99CD-2FCAF56529F6}.Debug|Any CPU.ActiveCfg = Debug|Any CPU
		{19D4357F-B416-40D3-99CD-2FCAF56529F6}.Debug|Any CPU.Build.0 = Debug|Any CPU
		{19D4357F-B416-40D3-99CD-2FCAF56529F6}.Debug|x64.ActiveCfg = Debug|x64
		{19D4357F-B416-40D3-99CD-2FCAF56529F6}.Debug|x64.Build.0 = Debug|x64
		{19D4357F-B416-40D3-99CD-2FCAF56529F6}.Debug|x86.ActiveCfg = Debug|x86
		{19D4357F-B416-40D3-99CD-2FCAF56529F6}.Debug|x86.Build.0 = Debug|x86
		{19D4357F-B416-40D3-99CD-2FCAF56529F6}.Release|Any CPU.ActiveCfg = Release|Any CPU
		{19D4357F-B416-40D3-99CD-2FCAF56529F6}.Release|Any CPU.Build.0 = Release|Any CPU
		{19D4357F-B416-40D3-99CD-2FCAF56529F6}.Release|x64.ActiveCfg = Release|x64
		{19D4357F-B416-40D3-99CD-2FCAF56529F6}.Release|x64.Build.0 = Release|x64
		{19D4357F-B416-40D3-99CD-2FCAF56529F6}.Release|x86.ActiveCfg = Release|x86
		{19D4357F-B416-40D3-99CD-2FCAF56529F6}.Release|x86.Build.0 = Release|x86
		{82BEF4B5-5F28-499B-B3D5-CC802C8519A2}.Debug|Any CPU.ActiveCfg = Debug|Any CPU
		{82BEF4B5-5F28-499B-B3D5-CC802C8519A2}.Debug|Any CPU.Build.0 = Debug|Any CPU
		{82BEF4B5-5F28-499B-B3D5-CC802C8519A2}.Debug|x64.ActiveCfg = Debug|Any CPU
		{82BEF4B5-5F28-499B-B3D5-CC802C8519A2}.Debug|x64.Build.0 = Debug|Any CPU
		{82BEF4B5-5F28-499B-B3D5-CC802C8519A2}.Debug|x86.ActiveCfg = Debug|Any CPU
		{82BEF4B5-5F28-499B-B3D5-CC802C8519A2}.Debug|x86.Build.0 = Debug|Any CPU
		{82BEF4B5-5F28-499B-B3D5-CC802C8519A2}.Release|Any CPU.ActiveCfg = Release|Any CPU
		{82BEF4B5-5F28-499B-B3D5-CC802C8519A2}.Release|Any CPU.Build.0 = Release|Any CPU
		{82BEF4B5-5F28-499B-B3D5-CC802C8519A2}.Release|x64.ActiveCfg = Release|Any CPU
		{82BEF4B5-5F28-499B-B3D5-CC802C8519A2}.Release|x64.Build.0 = Release|Any CPU
		{82BEF4B5-5F28-499B-B3D5-CC802C8519A2}.Release|x86.ActiveCfg = Release|Any CPU
		{82BEF4B5-5F28-499B-B3D5-CC802C8519A2}.Release|x86.Build.0 = Release|Any CPU
	EndGlobalSection
	GlobalSection(SolutionProperties) = preSolution
		HideSolutionNode = FALSE
	EndGlobalSection
	GlobalSection(ExtensibilityGlobals) = postSolution
		SolutionGuid = {893108AD-F340-4F1E-B513-334EA85EAA37}
	EndGlobalSection
EndGlobal
