
Microsoft Visual Studio Solution File, Format Version 12.00
# Visual Studio Version 16
VisualStudioVersion = 16.0.30711.63
MinimumVisualStudioVersion = 10.0.40219.1
Project("{FAE04EC0-301F-11D3-BF4B-00C04F79EFBC}") = "BrainHatSharp", "BrainHatSharp\BrainHatSharp.csproj", "{FD05CF5D-A9F7-4C94-A77B-17FFE518D6C3}"
EndProject
Project("{9A19103F-16F7-4668-BE54-9A1E7A4F7556}") = "BrainflowDataProcessing", "..\BrainHatComponents\BrainflowDataProcessing\BrainflowDataProcessing.csproj", "{391FA534-D9BE-464B-AA3A-CBC7840FF9D5}"
EndProject
Project("{9A19103F-16F7-4668-BE54-9A1E7A4F7556}") = "LoggingInterfaces", "..\BrainHatComponents\LoggingInterfaces\LoggingInterfaces.csproj", "{974AD5AD-919D-4045-B30C-027A51AC4F91}"
EndProject
Project("{9A19103F-16F7-4668-BE54-9A1E7A4F7556}") = "BrainflowInterfaces", "..\BrainHatComponents\BrainflowInterfaces\BrainflowInterfaces.csproj", "{340D4BB3-3EE2-4D12-8862-B34D37F5AC68}"
EndProject
Project("{FAE04EC0-301F-11D3-BF4B-00C04F79EFBC}") = "WiringPiWrapper", "..\BrainHatComponents\WiringPiWrapper\WiringPiWrapper.csproj", "{44164C3F-B228-4488-B027-EA9717E7E6E1}"
EndProject
Project("{9A19103F-16F7-4668-BE54-9A1E7A4F7556}") = "BrainHatNetwork", "..\BrainHatComponents\BrainHatNetwork\BrainHatNetwork.csproj", "{7799CB08-3F80-430D-B8E7-8ABF83BC71D2}"
EndProject
Project("{9A19103F-16F7-4668-BE54-9A1E7A4F7556}") = "brainflow", "..\BrainHatComponents\brainflow\brainflow.csproj", "{C6C57E16-755B-42FF-A072-6D0A35098503}"
EndProject
Project("{9A19103F-16F7-4668-BE54-9A1E7A4F7556}") = "PlatformHelper", "..\BrainHatComponents\PlatformHelper\PlatformHelper.csproj", "{0EFA34B4-9F21-4FF5-8A77-35B2E55A66DA}"
EndProject
Project("{9A19103F-16F7-4668-BE54-9A1E7A4F7556}") = "liblsl", "..\BrainHatComponents\liblsl\liblsl.csproj", "{4721756B-3BAF-423A-8C35-15696D07A51F}"
EndProject
Project("{FAE04EC0-301F-11D3-BF4B-00C04F79EFBC}") = "brainHatSharpGUI", "brainHatSharpGUI\brainHatSharpGUI.csproj", "{5C02EC2A-67EE-4A99-A306-A52EAB1F0272}"
EndProject
Global
	GlobalSection(SolutionConfigurationPlatforms) = preSolution
		Debug|Any CPU = Debug|Any CPU
		Debug|x64 = Debug|x64
		Debug|x86 = Debug|x86
		Release|Any CPU = Release|Any CPU
		Release|x64 = Release|x64
		Release|x86 = Release|x86
	EndGlobalSection
	GlobalSection(ProjectConfigurationPlatforms) = postSolution
		{FD05CF5D-A9F7-4C94-A77B-17FFE518D6C3}.Debug|Any CPU.ActiveCfg = Debug|Any CPU
		{FD05CF5D-A9F7-4C94-A77B-17FFE518D6C3}.Debug|Any CPU.Build.0 = Debug|Any CPU
		{FD05CF5D-A9F7-4C94-A77B-17FFE518D6C3}.Debug|x64.ActiveCfg = Debug|Any CPU
		{FD05CF5D-A9F7-4C94-A77B-17FFE518D6C3}.Debug|x64.Build.0 = Debug|Any CPU
		{FD05CF5D-A9F7-4C94-A77B-17FFE518D6C3}.Debug|x86.ActiveCfg = Debug|Any CPU
		{FD05CF5D-A9F7-4C94-A77B-17FFE518D6C3}.Debug|x86.Build.0 = Debug|Any CPU
		{FD05CF5D-A9F7-4C94-A77B-17FFE518D6C3}.Release|Any CPU.ActiveCfg = Release|Any CPU
		{FD05CF5D-A9F7-4C94-A77B-17FFE518D6C3}.Release|Any CPU.Build.0 = Release|Any CPU
		{FD05CF5D-A9F7-4C94-A77B-17FFE518D6C3}.Release|x64.ActiveCfg = Release|Any CPU
		{FD05CF5D-A9F7-4C94-A77B-17FFE518D6C3}.Release|x64.Build.0 = Release|Any CPU
		{FD05CF5D-A9F7-4C94-A77B-17FFE518D6C3}.Release|x86.ActiveCfg = Release|Any CPU
		{FD05CF5D-A9F7-4C94-A77B-17FFE518D6C3}.Release|x86.Build.0 = Release|Any CPU
		{391FA534-D9BE-464B-AA3A-CBC7840FF9D5}.Debug|Any CPU.ActiveCfg = Debug|Any CPU
		{391FA534-D9BE-464B-AA3A-CBC7840FF9D5}.Debug|Any CPU.Build.0 = Debug|Any CPU
		{391FA534-D9BE-464B-AA3A-CBC7840FF9D5}.Debug|x64.ActiveCfg = Debug|Any CPU
		{391FA534-D9BE-464B-AA3A-CBC7840FF9D5}.Debug|x64.Build.0 = Debug|Any CPU
		{391FA534-D9BE-464B-AA3A-CBC7840FF9D5}.Debug|x86.ActiveCfg = Debug|Any CPU
		{391FA534-D9BE-464B-AA3A-CBC7840FF9D5}.Debug|x86.Build.0 = Debug|Any CPU
		{391FA534-D9BE-464B-AA3A-CBC7840FF9D5}.Release|Any CPU.ActiveCfg = Release|Any CPU
		{391FA534-D9BE-464B-AA3A-CBC7840FF9D5}.Release|Any CPU.Build.0 = Release|Any CPU
		{391FA534-D9BE-464B-AA3A-CBC7840FF9D5}.Release|x64.ActiveCfg = Release|Any CPU
		{391FA534-D9BE-464B-AA3A-CBC7840FF9D5}.Release|x64.Build.0 = Release|Any CPU
		{391FA534-D9BE-464B-AA3A-CBC7840FF9D5}.Release|x86.ActiveCfg = Release|Any CPU
		{391FA534-D9BE-464B-AA3A-CBC7840FF9D5}.Release|x86.Build.0 = Release|Any CPU
		{974AD5AD-919D-4045-B30C-027A51AC4F91}.Debug|Any CPU.ActiveCfg = Debug|Any CPU
		{974AD5AD-919D-4045-B30C-027A51AC4F91}.Debug|Any CPU.Build.0 = Debug|Any CPU
		{974AD5AD-919D-4045-B30C-027A51AC4F91}.Debug|x64.ActiveCfg = Debug|Any CPU
		{974AD5AD-919D-4045-B30C-027A51AC4F91}.Debug|x64.Build.0 = Debug|Any CPU
		{974AD5AD-919D-4045-B30C-027A51AC4F91}.Debug|x86.ActiveCfg = Debug|Any CPU
		{974AD5AD-919D-4045-B30C-027A51AC4F91}.Debug|x86.Build.0 = Debug|Any CPU
		{974AD5AD-919D-4045-B30C-027A51AC4F91}.Release|Any CPU.ActiveCfg = Release|Any CPU
		{974AD5AD-919D-4045-B30C-027A51AC4F91}.Release|Any CPU.Build.0 = Release|Any CPU
		{974AD5AD-919D-4045-B30C-027A51AC4F91}.Release|x64.ActiveCfg = Release|Any CPU
		{974AD5AD-919D-4045-B30C-027A51AC4F91}.Release|x64.Build.0 = Release|Any CPU
		{974AD5AD-919D-4045-B30C-027A51AC4F91}.Release|x86.ActiveCfg = Release|Any CPU
		{974AD5AD-919D-4045-B30C-027A51AC4F91}.Release|x86.Build.0 = Release|Any CPU
		{340D4BB3-3EE2-4D12-8862-B34D37F5AC68}.Debug|Any CPU.ActiveCfg = Debug|Any CPU
		{340D4BB3-3EE2-4D12-8862-B34D37F5AC68}.Debug|Any CPU.Build.0 = Debug|Any CPU
		{340D4BB3-3EE2-4D12-8862-B34D37F5AC68}.Debug|x64.ActiveCfg = Debug|Any CPU
		{340D4BB3-3EE2-4D12-8862-B34D37F5AC68}.Debug|x64.Build.0 = Debug|Any CPU
		{340D4BB3-3EE2-4D12-8862-B34D37F5AC68}.Debug|x86.ActiveCfg = Debug|Any CPU
		{340D4BB3-3EE2-4D12-8862-B34D37F5AC68}.Debug|x86.Build.0 = Debug|Any CPU
		{340D4BB3-3EE2-4D12-8862-B34D37F5AC68}.Release|Any CPU.ActiveCfg = Release|Any CPU
		{340D4BB3-3EE2-4D12-8862-B34D37F5AC68}.Release|Any CPU.Build.0 = Release|Any CPU
		{340D4BB3-3EE2-4D12-8862-B34D37F5AC68}.Release|x64.ActiveCfg = Release|Any CPU
		{340D4BB3-3EE2-4D12-8862-B34D37F5AC68}.Release|x64.Build.0 = Release|Any CPU
		{340D4BB3-3EE2-4D12-8862-B34D37F5AC68}.Release|x86.ActiveCfg = Release|Any CPU
		{340D4BB3-3EE2-4D12-8862-B34D37F5AC68}.Release|x86.Build.0 = Release|Any CPU
		{44164C3F-B228-4488-B027-EA9717E7E6E1}.Debug|Any CPU.ActiveCfg = Debug|Any CPU
		{44164C3F-B228-4488-B027-EA9717E7E6E1}.Debug|Any CPU.Build.0 = Debug|Any CPU
		{44164C3F-B228-4488-B027-EA9717E7E6E1}.Debug|x64.ActiveCfg = Debug|Any CPU
		{44164C3F-B228-4488-B027-EA9717E7E6E1}.Debug|x64.Build.0 = Debug|Any CPU
		{44164C3F-B228-4488-B027-EA9717E7E6E1}.Debug|x86.ActiveCfg = Debug|Any CPU
		{44164C3F-B228-4488-B027-EA9717E7E6E1}.Debug|x86.Build.0 = Debug|Any CPU
		{44164C3F-B228-4488-B027-EA9717E7E6E1}.Release|Any CPU.ActiveCfg = Release|Any CPU
		{44164C3F-B228-4488-B027-EA9717E7E6E1}.Release|Any CPU.Build.0 = Release|Any CPU
		{44164C3F-B228-4488-B027-EA9717E7E6E1}.Release|x64.ActiveCfg = Release|Any CPU
		{44164C3F-B228-4488-B027-EA9717E7E6E1}.Release|x64.Build.0 = Release|Any CPU
		{44164C3F-B228-4488-B027-EA9717E7E6E1}.Release|x86.ActiveCfg = Release|Any CPU
		{44164C3F-B228-4488-B027-EA9717E7E6E1}.Release|x86.Build.0 = Release|Any CPU
		{7799CB08-3F80-430D-B8E7-8ABF83BC71D2}.Debug|Any CPU.ActiveCfg = Debug|Any CPU
		{7799CB08-3F80-430D-B8E7-8ABF83BC71D2}.Debug|Any CPU.Build.0 = Debug|Any CPU
		{7799CB08-3F80-430D-B8E7-8ABF83BC71D2}.Debug|x64.ActiveCfg = Debug|Any CPU
		{7799CB08-3F80-430D-B8E7-8ABF83BC71D2}.Debug|x64.Build.0 = Debug|Any CPU
		{7799CB08-3F80-430D-B8E7-8ABF83BC71D2}.Debug|x86.ActiveCfg = Debug|Any CPU
		{7799CB08-3F80-430D-B8E7-8ABF83BC71D2}.Debug|x86.Build.0 = Debug|Any CPU
		{7799CB08-3F80-430D-B8E7-8ABF83BC71D2}.Release|Any CPU.ActiveCfg = Release|Any CPU
		{7799CB08-3F80-430D-B8E7-8ABF83BC71D2}.Release|Any CPU.Build.0 = Release|Any CPU
		{7799CB08-3F80-430D-B8E7-8ABF83BC71D2}.Release|x64.ActiveCfg = Release|Any CPU
		{7799CB08-3F80-430D-B8E7-8ABF83BC71D2}.Release|x64.Build.0 = Release|Any CPU
		{7799CB08-3F80-430D-B8E7-8ABF83BC71D2}.Release|x86.ActiveCfg = Release|Any CPU
		{7799CB08-3F80-430D-B8E7-8ABF83BC71D2}.Release|x86.Build.0 = Release|Any CPU
		{C6C57E16-755B-42FF-A072-6D0A35098503}.Debug|Any CPU.ActiveCfg = Debug|Any CPU
		{C6C57E16-755B-42FF-A072-6D0A35098503}.Debug|Any CPU.Build.0 = Debug|Any CPU
		{C6C57E16-755B-42FF-A072-6D0A35098503}.Debug|x64.ActiveCfg = Debug|Any CPU
		{C6C57E16-755B-42FF-A072-6D0A35098503}.Debug|x64.Build.0 = Debug|Any CPU
		{C6C57E16-755B-42FF-A072-6D0A35098503}.Debug|x86.ActiveCfg = Debug|Any CPU
		{C6C57E16-755B-42FF-A072-6D0A35098503}.Debug|x86.Build.0 = Debug|Any CPU
		{C6C57E16-755B-42FF-A072-6D0A35098503}.Release|Any CPU.ActiveCfg = Release|Any CPU
		{C6C57E16-755B-42FF-A072-6D0A35098503}.Release|Any CPU.Build.0 = Release|Any CPU
		{C6C57E16-755B-42FF-A072-6D0A35098503}.Release|x64.ActiveCfg = Release|Any CPU
		{C6C57E16-755B-42FF-A072-6D0A35098503}.Release|x64.Build.0 = Release|Any CPU
		{C6C57E16-755B-42FF-A072-6D0A35098503}.Release|x86.ActiveCfg = Release|Any CPU
		{C6C57E16-755B-42FF-A072-6D0A35098503}.Release|x86.Build.0 = Release|Any CPU
		{0EFA34B4-9F21-4FF5-8A77-35B2E55A66DA}.Debug|Any CPU.ActiveCfg = Debug|Any CPU
		{0EFA34B4-9F21-4FF5-8A77-35B2E55A66DA}.Debug|Any CPU.Build.0 = Debug|Any CPU
		{0EFA34B4-9F21-4FF5-8A77-35B2E55A66DA}.Debug|x64.ActiveCfg = Debug|Any CPU
		{0EFA34B4-9F21-4FF5-8A77-35B2E55A66DA}.Debug|x64.Build.0 = Debug|Any CPU
		{0EFA34B4-9F21-4FF5-8A77-35B2E55A66DA}.Debug|x86.ActiveCfg = Debug|Any CPU
		{0EFA34B4-9F21-4FF5-8A77-35B2E55A66DA}.Debug|x86.Build.0 = Debug|Any CPU
		{0EFA34B4-9F21-4FF5-8A77-35B2E55A66DA}.Release|Any CPU.ActiveCfg = Release|Any CPU
		{0EFA34B4-9F21-4FF5-8A77-35B2E55A66DA}.Release|Any CPU.Build.0 = Release|Any CPU
		{0EFA34B4-9F21-4FF5-8A77-35B2E55A66DA}.Release|x64.ActiveCfg = Release|Any CPU
		{0EFA34B4-9F21-4FF5-8A77-35B2E55A66DA}.Release|x64.Build.0 = Release|Any CPU
		{0EFA34B4-9F21-4FF5-8A77-35B2E55A66DA}.Release|x86.ActiveCfg = Release|Any CPU
		{0EFA34B4-9F21-4FF5-8A77-35B2E55A66DA}.Release|x86.Build.0 = Release|Any CPU
		{4721756B-3BAF-423A-8C35-15696D07A51F}.Debug|Any CPU.ActiveCfg = Debug|Any CPU
		{4721756B-3BAF-423A-8C35-15696D07A51F}.Debug|Any CPU.Build.0 = Debug|Any CPU
		{4721756B-3BAF-423A-8C35-15696D07A51F}.Debug|x64.ActiveCfg = Debug|Any CPU
		{4721756B-3BAF-423A-8C35-15696D07A51F}.Debug|x64.Build.0 = Debug|Any CPU
		{4721756B-3BAF-423A-8C35-15696D07A51F}.Debug|x86.ActiveCfg = Debug|Any CPU
		{4721756B-3BAF-423A-8C35-15696D07A51F}.Debug|x86.Build.0 = Debug|Any CPU
		{4721756B-3BAF-423A-8C35-15696D07A51F}.Release|Any CPU.ActiveCfg = Release|Any CPU
		{4721756B-3BAF-423A-8C35-15696D07A51F}.Release|Any CPU.Build.0 = Release|Any CPU
		{4721756B-3BAF-423A-8C35-15696D07A51F}.Release|x64.ActiveCfg = Release|Any CPU
		{4721756B-3BAF-423A-8C35-15696D07A51F}.Release|x64.Build.0 = Release|Any CPU
		{4721756B-3BAF-423A-8C35-15696D07A51F}.Release|x86.ActiveCfg = Release|Any CPU
		{4721756B-3BAF-423A-8C35-15696D07A51F}.Release|x86.Build.0 = Release|Any CPU
		{5C02EC2A-67EE-4A99-A306-A52EAB1F0272}.Debug|Any CPU.ActiveCfg = Debug|Any CPU
		{5C02EC2A-67EE-4A99-A306-A52EAB1F0272}.Debug|Any CPU.Build.0 = Debug|Any CPU
		{5C02EC2A-67EE-4A99-A306-A52EAB1F0272}.Debug|x64.ActiveCfg = Debug|Any CPU
		{5C02EC2A-67EE-4A99-A306-A52EAB1F0272}.Debug|x64.Build.0 = Debug|Any CPU
		{5C02EC2A-67EE-4A99-A306-A52EAB1F0272}.Debug|x86.ActiveCfg = Debug|Any CPU
		{5C02EC2A-67EE-4A99-A306-A52EAB1F0272}.Debug|x86.Build.0 = Debug|Any CPU
		{5C02EC2A-67EE-4A99-A306-A52EAB1F0272}.Release|Any CPU.ActiveCfg = Release|Any CPU
		{5C02EC2A-67EE-4A99-A306-A52EAB1F0272}.Release|Any CPU.Build.0 = Release|Any CPU
		{5C02EC2A-67EE-4A99-A306-A52EAB1F0272}.Release|x64.ActiveCfg = Release|Any CPU
		{5C02EC2A-67EE-4A99-A306-A52EAB1F0272}.Release|x64.Build.0 = Release|Any CPU
		{5C02EC2A-67EE-4A99-A306-A52EAB1F0272}.Release|x86.ActiveCfg = Release|Any CPU
		{5C02EC2A-67EE-4A99-A306-A52EAB1F0272}.Release|x86.Build.0 = Release|Any CPU
	EndGlobalSection
	GlobalSection(SolutionProperties) = preSolution
		HideSolutionNode = FALSE
	EndGlobalSection
	GlobalSection(ExtensibilityGlobals) = postSolution
		SolutionGuid = {BE8A0871-7A78-4FB6-9E0D-8B6974532469}
	EndGlobalSection
EndGlobal
