<?xml version="1.0" encoding="utf-8"?>
<Project ToolsVersion="4.0" xmlns="http://schemas.microsoft.com/developer/msbuild/2003">
  <ItemGroup>
    <Filter Include="Source files">
      <UniqueIdentifier>{f9bcfca9-3a4d-47d8-aa03-721e5ae78cb7}</UniqueIdentifier>
      <Extensions>cpp;c;cc;cxx;def;odl;idl;hpj;bat;asm;asmx</Extensions>
    </Filter>
    <Filter Include="Header files">
      <UniqueIdentifier>{e645f06d-abea-4e34-af37-daf28c39b888}</UniqueIdentifier>
      <Extensions>h;hpp;hxx;hm;inl;inc;xsd</Extensions>
    </Filter>
    <Filter Include="Resource files">
      <UniqueIdentifier>{36ad9aa2-b18d-4080-8706-11e356b01c45}</UniqueIdentifier>
      <Extensions>rc;ico;cur;bmp;dlg;rc2;rct;bin;rgs;gif;jpg;jpeg;jpe;resx;tiff;tif;png;wav</Extensions>
    </Filter>
    <Filter Include="Make files">
      <UniqueIdentifier>{5e563dc4-0727-4dd7-ac48-6a2f4577cc5e}</UniqueIdentifier>
    </Filter>
    <Filter Include="VisualGDB settings">
      <UniqueIdentifier>{fd1461ce-92e7-456c-bad6-0bb49fba1b34}</UniqueIdentifier>
    </Filter>
  </ItemGroup>
  <ItemGroup>
    <None Include="release.mak">
      <Filter>Make files</Filter>
    </None>
    <None Include="debug.mak">
      <Filter>Make files</Filter>
    </None>
    <None Include="EDFFile.Linux-Release.vgdbsettings">
      <Filter>VisualGDB settings</Filter>
    </None>
    <None Include="EDFFile.Linux-Debug.vgdbsettings">
      <Filter>VisualGDB settings</Filter>
    </None>
  </ItemGroup>
  <ItemGroup>
    <None Include="Makefile" />
  </ItemGroup>
  <ItemGroup>
    <ClCompile Include="EDFfile.cpp">
      <Filter>Source files</Filter>
    </ClCompile>
    <ClCompile Include="EdfFileHeader.cpp">
      <Filter>Source files</Filter>
    </ClCompile>
    <ClCompile Include="..\..\EDFlib\edflib.c">
      <Filter>Source files</Filter>
    </ClCompile>
  </ItemGroup>
  <ItemGroup>
    <ClInclude Include="EDFfile.h">
      <Filter>Header files</Filter>
    </ClInclude>
    <ClInclude Include="EdfFileHeader.h">
      <Filter>Header files</Filter>
    </ClInclude>
    <ClInclude Include="json.hpp">
      <Filter>Header files</Filter>
    </ClInclude>
    <ClInclude Include="JSonHelpers.h">
      <Filter>Header files</Filter>
    </ClInclude>
    <ClInclude Include="..\..\EDFlib\edflib.h">
      <Filter>Header files</Filter>
    </ClInclude>
  </ItemGroup>
</Project>